
Microsoft Visual Studio Solution File, Format Version 12.00
# Visual Studio Version 16
VisualStudioVersion = 16.0.29324.140
MinimumVisualStudioVersion = 10.0.40219.1
Project("{FAE04EC0-301F-11D3-BF4B-00C04F79EFBC}") = "CycleCounter", "CycleCounter\CycleCounter.csproj", "{4AC26801-E1DA-4E88-8F3C-5F3A9AB5ACF0}"
EndProject
Global
	GlobalSection(SolutionConfigurationPlatforms) = preSolution
		Debug|Any CPU = Debug|Any CPU
		Release|Any CPU = Release|Any CPU
	EndGlobalSection
	GlobalSection(ProjectConfigurationPlatforms) = postSolution
		{4AC26801-E1DA-4E88-8F3C-5F3A9AB5ACF0}.Debug|Any CPU.ActiveCfg = Debug|Any CPU
		{4AC26801-E1DA-4E88-8F3C-5F3A9AB5ACF0}.Debug|Any CPU.Build.0 = Debug|Any CPU
		{4AC26801-E1DA-4E88-8F3C-5F3A9AB5ACF0}.Release|Any CPU.ActiveCfg = Release|Any CPU
		{4AC26801-E1DA-4E88-8F3C-5F3A9AB5ACF0}.Release|Any CPU.Build.0 = Release|Any CPU
	EndGlobalSection
	GlobalSection(SolutionProperties) = preSolution
		HideSolutionNode = FALSE
	EndGlobalSection
	GlobalSection(ExtensibilityGlobals) = postSolution
		SolutionGuid = {B86FB3C6-038B-4C8F-B34C-27CDEA09A0E2}
	EndGlobalSection
EndGlobal
